
Microsoft Visual Studio Solution File, Format Version 12.00
# Visual Studio Version 17
VisualStudioVersion = 17.4.33213.308
MinimumVisualStudioVersion = 10.0.40219.1
Project("{FAE04EC0-301F-11D3-BF4B-00C04F79EFBC}") = "SiUI", "SiUI\SiUI.csproj", "{672DD329-37FF-4066-8CEB-C925A800E48D}"
EndProject
Global
	GlobalSection(SolutionConfigurationPlatforms) = preSolution
		Debug|Any CPU = Debug|Any CPU
		Release|Any CPU = Release|Any CPU
	EndGlobalSection
	GlobalSection(ProjectConfigurationPlatforms) = postSolution
		{672DD329-37FF-4066-8CEB-C925A800E48D}.Debug|Any CPU.ActiveCfg = Debug|Any CPU
		{672DD329-37FF-4066-8CEB-C925A800E48D}.Debug|Any CPU.Build.0 = Debug|Any CPU
		{672DD329-37FF-4066-8CEB-C925A800E48D}.Release|Any CPU.ActiveCfg = Release|Any CPU
		{672DD329-37FF-4066-8CEB-C925A800E48D}.Release|Any CPU.Build.0 = Release|Any CPU
	EndGlobalSection
	GlobalSection(SolutionProperties) = preSolution
		HideSolutionNode = FALSE
	EndGlobalSection
	GlobalSection(ExtensibilityGlobals) = postSolution
		SolutionGuid = {7C6FF505-FBC9-406C-9D7E-AFCD46240E84}
	EndGlobalSection
EndGlobal
